
Microsoft Visual Studio Solution File, Format Version 12.00
# Visual Studio 15
VisualStudioVersion = 15.0.27703.2035
MinimumVisualStudioVersion = 10.0.40219.1
Project("{FAE04EC0-301F-11D3-BF4B-00C04F79EFBC}") = "IdentitySample", "IdentitySample\IdentitySample.csproj", "{BF84CD59-ED28-469A-AB72-C1DB4662E233}"
EndProject
Global
	GlobalSection(SolutionConfigurationPlatforms) = preSolution
		Debug|Any CPU = Debug|Any CPU
		Release|Any CPU = Release|Any CPU
	EndGlobalSection
	GlobalSection(ProjectConfigurationPlatforms) = postSolution
		{BF84CD59-ED28-469A-AB72-C1DB4662E233}.Debug|Any CPU.ActiveCfg = Debug|Any CPU
		{BF84CD59-ED28-469A-AB72-C1DB4662E233}.Debug|Any CPU.Build.0 = Debug|Any CPU
		{BF84CD59-ED28-469A-AB72-C1DB4662E233}.Release|Any CPU.ActiveCfg = Release|Any CPU
		{BF84CD59-ED28-469A-AB72-C1DB4662E233}.Release|Any CPU.Build.0 = Release|Any CPU
	EndGlobalSection
	GlobalSection(SolutionProperties) = preSolution
		HideSolutionNode = FALSE
	EndGlobalSection
	GlobalSection(ExtensibilityGlobals) = postSolution
		SolutionGuid = {155D2E0C-9FEB-4F8E-8FA9-0BDF09BE7E02}
	EndGlobalSection
EndGlobal
